<?xml version="1.0" encoding="utf-8"?>
<Project ToolsVersion="4.0" xmlns="http://schemas.microsoft.com/developer/msbuild/2003">
  <ItemGroup>
    <Filter Include="소스 파일">
      <UniqueIdentifier>{4FC737F1-C7A5-4376-A066-2A32D752A2FF}</UniqueIdentifier>
      <Extensions>cpp;c;cc;cxx;def;odl;idl;hpj;bat;asm;asmx</Extensions>
    </Filter>
    <Filter Include="헤더 파일">
      <UniqueIdentifier>{93995380-89BD-4b04-88EB-625FBE52EBFB}</UniqueIdentifier>
      <Extensions>h;hh;hpp;hxx;hm;inl;inc;xsd</Extensions>
    </Filter>
    <Filter Include="리소스 파일">
      <UniqueIdentifier>{67DA6AB6-F800-4c08-8B7A-83BB121AAD01}</UniqueIdentifier>
      <Extensions>rc;ico;cur;bmp;dlg;rc2;rct;bin;rgs;gif;jpg;jpeg;jpe;resx;tiff;tif;png;wav;mfcribbon-ms</Extensions>
    </Filter>
    <Filter Include="소스 파일\algorithmPractice">
      <UniqueIdentifier>{037018f4-93ab-41c9-8b38-bb30510867f2}</UniqueIdentifier>
    </Filter>
    <Filter Include="소스 파일\algorithmPractice\medium">
      <UniqueIdentifier>{16451728-91d7-42d8-a6bd-d3845ee1e0c3}</UniqueIdentifier>
    </Filter>
    <Filter Include="소스 파일\designPattern">
      <UniqueIdentifier>{677d2abb-ce83-4bde-bf5d-a043973df5d5}</UniqueIdentifier>
    </Filter>
    <Filter Include="소스 파일\systemDesign">
      <UniqueIdentifier>{704de589-bd2a-4c4d-9eec-16a304f73143}</UniqueIdentifier>
    </Filter>
    <Filter Include="소스 파일\algorithmPractice\dynamicProgramming">
      <UniqueIdentifier>{10f37f62-e7f9-4b7a-b2c6-b4c825df45c4}</UniqueIdentifier>
    </Filter>
    <Filter Include="소스 파일\algorithmPractice\palindrome">
      <UniqueIdentifier>{62ca72a5-ea34-4ab2-adc6-96ca6f3aa0d2}</UniqueIdentifier>
    </Filter>
    <Filter Include="소스 파일\algorithmPractice\string">
      <UniqueIdentifier>{6a493534-e83c-4d88-8de5-6aadbb19c315}</UniqueIdentifier>
    </Filter>
    <Filter Include="소스 파일\utility">
      <UniqueIdentifier>{740071b3-1fee-4f14-860b-df75ceec3239}</UniqueIdentifier>
    </Filter>
    <Filter Include="소스 파일\algorithmPractice\sort">
      <UniqueIdentifier>{65fdb183-b9f9-4112-b3ac-d13f3425a5bc}</UniqueIdentifier>
    </Filter>
    <Filter Include="소스 파일\algorithmPractice\other">
      <UniqueIdentifier>{5f4a5a66-23e2-4d5e-9f69-06d80ac7d46f}</UniqueIdentifier>
    </Filter>
    <Filter Include="소스 파일\algorithmPractice\tree">
      <UniqueIdentifier>{e7627d31-46b5-4f65-9705-49b64abebe5c}</UniqueIdentifier>
    </Filter>
    <Filter Include="소스 파일\systemArchitecture">
      <UniqueIdentifier>{953a4a2a-2e13-4836-8ff8-3b967add4e9d}</UniqueIdentifier>
    </Filter>
    <Filter Include="소스 파일\industryAlgorithm">
      <UniqueIdentifier>{eaf83ec0-298a-4e7f-87b9-5a243b2108e9}</UniqueIdentifier>
    </Filter>
    <Filter Include="소스 파일\algorithmPractice\theory">
      <UniqueIdentifier>{59b777a9-3363-4aba-8d43-c86f467aa89c}</UniqueIdentifier>
    </Filter>
    <Filter Include="소스 파일\algorithmPractice\graph">
      <UniqueIdentifier>{f8d0cf10-5fb6-48d5-a470-d68d5a5aa022}</UniqueIdentifier>
    </Filter>
    <Filter Include="소스 파일\cppCheatSheet">
      <UniqueIdentifier>{54015436-42ea-4bbb-bcd7-13266377d814}</UniqueIdentifier>
    </Filter>
    <Filter Include="소스 파일\designPattern\iterator">
      <UniqueIdentifier>{160c84ca-d981-4905-a7b9-163b13752620}</UniqueIdentifier>
    </Filter>
    <Filter Include="소스 파일\algorithmPractice\backTracking">
      <UniqueIdentifier>{404164c7-d2e3-473c-862d-d104e84d575a}</UniqueIdentifier>
    </Filter>
    <Filter Include="소스 파일\algorithmPractice\puzzle">
      <UniqueIdentifier>{334156e6-e64a-4835-b1e5-e1d703bc0655}</UniqueIdentifier>
    </Filter>
    <Filter Include="소스 파일\designPattern\pooling">
      <UniqueIdentifier>{07182fb0-2207-428d-b42a-890b434a9af4}</UniqueIdentifier>
    </Filter>
    <Filter Include="소스 파일\designPattern\scopedLock">
      <UniqueIdentifier>{13e57cd1-f06c-4496-8b9a-8bbc3650bb2a}</UniqueIdentifier>
    </Filter>
    <Filter Include="소스 파일\algorithmPractice\olympia">
      <UniqueIdentifier>{e32faa12-1b6b-4870-9e1f-a0719f36ae76}</UniqueIdentifier>
    </Filter>
    <Filter Include="소스 파일\algorithmPractice\ST">
      <UniqueIdentifier>{508f9f99-72cd-4cff-88d3-2902d9284334}</UniqueIdentifier>
    </Filter>
    <Filter Include="소스 파일\randomDataGenerator">
      <UniqueIdentifier>{b1549c94-d307-433e-b6a8-3f492f27cd29}</UniqueIdentifier>
    </Filter>
  </ItemGroup>
  <ItemGroup>
    <ClCompile Include="main.cpp">
      <Filter>소스 파일</Filter>
    </ClCompile>
    <ClCompile Include="template.cpp">
      <Filter>소스 파일</Filter>
    </ClCompile>
    <ClCompile Include="Tree.cpp">
      <Filter>소스 파일\utility</Filter>
    </ClCompile>
    <ClCompile Include="Graph.cpp">
      <Filter>소스 파일\utility</Filter>
    </ClCompile>
    <ClCompile Include="LinkedList.cpp">
      <Filter>소스 파일\utility</Filter>
    </ClCompile>
    <ClCompile Include="Heap.cpp">
      <Filter>소스 파일\utility</Filter>
    </ClCompile>
    <ClCompile Include="Hash.cpp">
      <Filter>소스 파일\utility</Filter>
    </ClCompile>
    <ClCompile Include="Bits.cpp">
      <Filter>소스 파일\utility</Filter>
    </ClCompile>
    <ClCompile Include="LRUCache.cpp">
      <Filter>소스 파일\systemDesign</Filter>
    </ClCompile>
    <ClCompile Include="Unicode.cpp">
      <Filter>소스 파일\systemDesign</Filter>
    </ClCompile>
    <ClCompile Include="BitBlit.cpp">
      <Filter>소스 파일\systemDesign</Filter>
    </ClCompile>
    <ClCompile Include="Memcpy.cpp">
      <Filter>소스 파일\systemDesign</Filter>
    </ClCompile>
    <ClCompile Include="Crawler.cpp">
      <Filter>소스 파일\systemDesign</Filter>
    </ClCompile>
    <ClCompile Include="StreamingVideoApp.cpp">
      <Filter>소스 파일\systemDesign</Filter>
    </ClCompile>
    <ClCompile Include="VirtualMemoryAllocator.cpp">
      <Filter>소스 파일\systemDesign</Filter>
    </ClCompile>
    <ClCompile Include="BigIntegerCalculator.cpp">
      <Filter>소스 파일\systemDesign</Filter>
    </ClCompile>
    <ClCompile Include="FileSystemDesign.cpp">
      <Filter>소스 파일\systemDesign</Filter>
    </ClCompile>
    <ClCompile Include="MessageDecode.cpp">
      <Filter>소스 파일\systemDesign</Filter>
    </ClCompile>
    <ClCompile Include="ProducerConsumer.cpp">
      <Filter>소스 파일\systemDesign</Filter>
    </ClCompile>
    <ClCompile Include="DistributedSystemLoadBalancing.cpp">
      <Filter>소스 파일\systemDesign</Filter>
    </ClCompile>
    <ClCompile Include="PhoneKeyMapper.cpp">
      <Filter>소스 파일\systemDesign</Filter>
    </ClCompile>
    <ClCompile Include="ServerMessagingShortest.cpp">
      <Filter>소스 파일\systemDesign</Filter>
    </ClCompile>
    <ClCompile Include="OnScreenKeypad.cpp">
      <Filter>소스 파일\systemDesign</Filter>
    </ClCompile>
    <ClCompile Include="CppCheatSheet.cpp">
      <Filter>소스 파일\utility</Filter>
    </ClCompile>
    <ClCompile Include="YourMostChallenging.cpp">
      <Filter>소스 파일\systemDesign</Filter>
    </ClCompile>
    <ClCompile Include="MovieRecommendationAlgorithm.cpp">
      <Filter>소스 파일\systemDesign</Filter>
    </ClCompile>
    <ClCompile Include="SemaphoreImplementation.cpp">
      <Filter>소스 파일\systemDesign</Filter>
    </ClCompile>
    <ClCompile Include="mergeSort.cpp">
      <Filter>소스 파일\algorithmPractice\sort</Filter>
    </ClCompile>
    <ClCompile Include="EnterNBAWhatWillHappen.cpp">
      <Filter>소스 파일\systemDesign</Filter>
    </ClCompile>
    <ClCompile Include="A program to check if a binary tree is BST or not.cpp">
      <Filter>소스 파일\algorithmPractice\tree</Filter>
    </ClCompile>
    <ClCompile Include="1G1M.cpp">
      <Filter>소스 파일\systemDesign</Filter>
    </ClCompile>
    <ClCompile Include="DNSDesign.cpp">
      <Filter>소스 파일\systemDesign</Filter>
    </ClCompile>
    <ClCompile Include="narray-tree-traversal.cpp">
      <Filter>소스 파일\algorithmPractice\tree</Filter>
    </ClCompile>
    <ClCompile Include="GargabeCollectionSystem.cpp">
      <Filter>소스 파일\systemDesign</Filter>
    </ClCompile>
    <ClCompile Include="singletonPatternVsStatic.cpp">
      <Filter>소스 파일\designPattern</Filter>
    </ClCompile>
    <ClCompile Include="HttpSession.cpp">
      <Filter>소스 파일\systemDesign</Filter>
    </ClCompile>
    <ClCompile Include="ImplementingCachingProxyServer.cpp">
      <Filter>소스 파일\systemDesign</Filter>
    </ClCompile>
    <ClCompile Include="DifferenceBetweenHashcingAndEncryption.cpp">
      <Filter>소스 파일\systemDesign</Filter>
    </ClCompile>
    <ClCompile Include="HowPingWorks.cpp">
      <Filter>소스 파일\systemDesign</Filter>
    </ClCompile>
    <ClCompile Include="bethandbeyond.cpp">
      <Filter>소스 파일\algorithmPractice\string</Filter>
    </ClCompile>
    <ClCompile Include="atoi.cpp">
      <Filter>소스 파일\algorithmPractice\string</Filter>
    </ClCompile>
    <ClCompile Include="avltree.cpp">
      <Filter>소스 파일\algorithmPractice\tree</Filter>
    </ClCompile>
    <ClCompile Include="TCPvsUDP.cpp">
      <Filter>소스 파일\systemDesign</Filter>
    </ClCompile>
    <ClCompile Include="commandPattern.cpp">
      <Filter>소스 파일\designPattern</Filter>
    </ClCompile>
    <ClCompile Include="ChainOfResponsibilityPattern.cpp">
      <Filter>소스 파일\designPattern</Filter>
    </ClCompile>
    <ClCompile Include="ServiceComponentArchitecture.cpp">
      <Filter>소스 파일\systemArchitecture</Filter>
    </ClCompile>
    <ClCompile Include="cine-mach.cpp">
      <Filter>소스 파일\industryAlgorithm</Filter>
    </ClCompile>
    <ClCompile Include="exceptionHandling.cpp">
      <Filter>소스 파일\cppCheatSheet</Filter>
    </ClCompile>
    <ClCompile Include="classDefinition.cpp">
      <Filter>소스 파일\cppCheatSheet</Filter>
    </ClCompile>
    <ClCompile Include="templateClassDefinition.cpp">
      <Filter>소스 파일\cppCheatSheet</Filter>
    </ClCompile>
    <ClCompile Include="stringstream.cpp">
      <Filter>소스 파일\cppCheatSheet</Filter>
    </ClCompile>
    <ClCompile Include="iteratorPattern.cpp">
      <Filter>소스 파일\designPattern\iterator</Filter>
    </ClCompile>
    <ClCompile Include="iteratorPatternTest.cpp">
      <Filter>소스 파일\designPattern\iterator</Filter>
    </ClCompile>
    <ClCompile Include="std_list.cpp">
      <Filter>소스 파일\cppCheatSheet</Filter>
    </ClCompile>
    <ClCompile Include="std_map.cpp">
      <Filter>소스 파일\cppCheatSheet</Filter>
    </ClCompile>
    <ClCompile Include="std_vector.cpp">
      <Filter>소스 파일\cppCheatSheet</Filter>
    </ClCompile>
    <ClCompile Include="std_queue.cpp">
      <Filter>소스 파일\cppCheatSheet</Filter>
    </ClCompile>
    <ClCompile Include="array.cpp">
      <Filter>소스 파일\cppCheatSheet</Filter>
    </ClCompile>
    <ClCompile Include="cast.cpp">
      <Filter>소스 파일\cppCheatSheet</Filter>
    </ClCompile>
    <ClCompile Include="file.cpp">
      <Filter>소스 파일\cppCheatSheet</Filter>
    </ClCompile>
    <ClCompile Include="friend.cpp">
      <Filter>소스 파일\cppCheatSheet</Filter>
    </ClCompile>
    <ClCompile Include="lambda.cpp">
      <Filter>소스 파일\cppCheatSheet</Filter>
    </ClCompile>
    <ClCompile Include="unique_ptr_advanced.cpp">
      <Filter>소스 파일\cppCheatSheet</Filter>
    </ClCompile>
    <ClCompile Include="factoryPattern.cpp">
      <Filter>소스 파일\designPattern</Filter>
    </ClCompile>
    <ClCompile Include="bit_test.cpp">
      <Filter>소스 파일\cppCheatSheet</Filter>
    </ClCompile>
    <ClCompile Include="fibonacci.cpp">
      <Filter>소스 파일\algorithmPractice\dynamicProgramming</Filter>
    </ClCompile>
    <ClCompile Include="minpath.cpp">
      <Filter>소스 파일\algorithmPractice\dynamicProgramming</Filter>
    </ClCompile>
    <ClCompile Include="longestIncreasingSubsequence.cpp">
      <Filter>소스 파일\algorithmPractice\dynamicProgramming</Filter>
    </ClCompile>
    <ClCompile Include="longestIncreasingSubsequence_nlogn.cpp">
      <Filter>소스 파일\algorithmPractice\dynamicProgramming</Filter>
    </ClCompile>
    <ClCompile Include="bathandbeyond.cpp">
      <Filter>소스 파일\algorithmPractice\dynamicProgramming</Filter>
    </ClCompile>
    <ClCompile Include="leaveAbsentCheck.cpp">
      <Filter>소스 파일\algorithmPractice\dynamicProgramming</Filter>
    </ClCompile>
    <ClCompile Include="travelingSalesman.cpp">
      <Filter>소스 파일\algorithmPractice\dynamicProgramming</Filter>
    </ClCompile>
    <ClCompile Include="longestPalindrome.cpp">
      <Filter>소스 파일\algorithmPractice\dynamicProgramming</Filter>
    </ClCompile>
    <ClCompile Include="minEffortToMakePalindrome.cpp">
      <Filter>소스 파일\algorithmPractice\dynamicProgramming</Filter>
    </ClCompile>
    <ClCompile Include="longestSubstring.cpp">
      <Filter>소스 파일\algorithmPractice\dynamicProgramming</Filter>
    </ClCompile>
    <ClCompile Include="longestPalindromeNlogn.cpp">
      <Filter>소스 파일\algorithmPractice\dynamicProgramming</Filter>
    </ClCompile>
    <ClCompile Include="npuzzle.cpp">
      <Filter>소스 파일\algorithmPractice\dynamicProgramming</Filter>
    </ClCompile>
    <ClCompile Include="SmartPointer.cpp">
      <Filter>소스 파일\systemDesign</Filter>
    </ClCompile>
    <ClCompile Include="findLargestSubBSTTree.cpp">
      <Filter>소스 파일\algorithmPractice\tree</Filter>
    </ClCompile>
    <ClCompile Include="findIslandOf1.cpp">
      <Filter>소스 파일\algorithmPractice\backTracking</Filter>
    </ClCompile>
    <ClCompile Include="findWater.cpp">
      <Filter>소스 파일\algorithmPractice\puzzle</Filter>
    </ClCompile>
    <ClCompile Include="huffmanCoding.cpp">
      <Filter>소스 파일\algorithmPractice\tree</Filter>
    </ClCompile>
    <ClCompile Include="pascalTriangle.cpp">
      <Filter>소스 파일\algorithmPractice\dynamicProgramming</Filter>
    </ClCompile>
    <ClCompile Include="decodeNumberToLetters.cpp">
      <Filter>소스 파일\algorithmPractice\dynamicProgramming</Filter>
    </ClCompile>
    <ClCompile Include="overridding_const_dest.cpp">
      <Filter>소스 파일\cppCheatSheet</Filter>
    </ClCompile>
    <ClCompile Include="compositorVisitorPattern.cpp">
      <Filter>소스 파일\designPattern</Filter>
    </ClCompile>
    <ClCompile Include="proxyPattern.cpp">
      <Filter>소스 파일\designPattern</Filter>
    </ClCompile>
    <ClCompile Include="observerPattern.cpp">
      <Filter>소스 파일\designPattern</Filter>
    </ClCompile>
    <ClCompile Include="facadePattern.cpp">
      <Filter>소스 파일\designPattern</Filter>
    </ClCompile>
    <ClCompile Include="mediatorPattern.cpp">
      <Filter>소스 파일\designPattern</Filter>
    </ClCompile>
    <ClCompile Include="connectionPool.cpp">
      <Filter>소스 파일\designPattern\pooling</Filter>
    </ClCompile>
    <ClCompile Include="connection.cpp">
      <Filter>소스 파일\designPattern\pooling</Filter>
    </ClCompile>
    <ClCompile Include="poolingTest.cpp">
      <Filter>소스 파일\designPattern\pooling</Filter>
    </ClCompile>
    <ClCompile Include="mementoPattern.cpp">
      <Filter>소스 파일\designPattern</Filter>
    </ClCompile>
    <ClCompile Include="BitToInteger.cpp">
      <Filter>소스 파일\cppCheatSheet</Filter>
    </ClCompile>
    <ClCompile Include="memopad.cpp">
      <Filter>소스 파일\industryAlgorithm</Filter>
    </ClCompile>
    <ClCompile Include="strategyPatternImpl.cpp">
      <Filter>소스 파일\designPattern</Filter>
    </ClCompile>
    <ClCompile Include="solidPattern.cpp">
      <Filter>소스 파일\designPattern</Filter>
    </ClCompile>
    <ClCompile Include="countFive.cpp">
      <Filter>소스 파일\algorithmPractice\olympia</Filter>
    </ClCompile>
    <ClCompile Include="randomDataGenerator.cpp">
      <Filter>소스 파일\randomDataGenerator</Filter>
    </ClCompile>
    <ClCompile Include="randomTestSample.cpp">
      <Filter>소스 파일\algorithmPractice\ST</Filter>
    </ClCompile>
    <ClCompile Include="ConnectionManagement.cpp">
      <Filter>소스 파일\algorithmPractice\ST</Filter>
    </ClCompile>
  </ItemGroup>
  <ItemGroup>
    <ClInclude Include="Tree.h">
      <Filter>헤더 파일</Filter>
    </ClInclude>
    <ClInclude Include="Main.h">
      <Filter>헤더 파일</Filter>
    </ClInclude>
    <ClInclude Include="classDeclaration.h">
      <Filter>소스 파일\cppCheatSheet</Filter>
    </ClInclude>
    <ClInclude Include="iteratorPattern.h">
      <Filter>소스 파일\designPattern\iterator</Filter>
    </ClInclude>
    <ClInclude Include="node.h">
      <Filter>소스 파일\designPattern\iterator</Filter>
    </ClInclude>
    <ClInclude Include="iteratorPatternTest.h">
      <Filter>소스 파일\designPattern\iterator</Filter>
    </ClInclude>
    <ClInclude Include="IEnumerable.h">
      <Filter>소스 파일\designPattern\iterator</Filter>
    </ClInclude>
    <ClInclude Include="BitOperation.h">
      <Filter>헤더 파일</Filter>
    </ClInclude>
    <ClInclude Include="Hash.h">
      <Filter>헤더 파일</Filter>
    </ClInclude>
    <ClInclude Include="DoubleLinkedList.h">
      <Filter>헤더 파일</Filter>
    </ClInclude>
    <ClInclude Include="Heap.h">
      <Filter>헤더 파일</Filter>
    </ClInclude>
    <ClInclude Include="CircularQueue.h">
      <Filter>헤더 파일</Filter>
    </ClInclude>
    <ClInclude Include="Trie.h">
      <Filter>헤더 파일</Filter>
    </ClInclude>
    <ClInclude Include="travelingSalesman.h">
      <Filter>헤더 파일</Filter>
    </ClInclude>
    <ClInclude Include="pool.h">
      <Filter>소스 파일\designPattern\pooling</Filter>
    </ClInclude>
    <ClInclude Include="resource.h">
      <Filter>소스 파일\designPattern\pooling</Filter>
    </ClInclude>
    <ClInclude Include="connectionPool.h">
      <Filter>소스 파일\designPattern\pooling</Filter>
    </ClInclude>
    <ClInclude Include="connection.h">
      <Filter>소스 파일\designPattern\pooling</Filter>
    </ClInclude>
    <ClInclude Include="RandomDataGenerator.h">
      <Filter>헤더 파일</Filter>
    </ClInclude>
  </ItemGroup>
  <ItemGroup>
    <Text Include="boot.txt">
      <Filter>리소스 파일</Filter>
    </Text>
    <Text Include="ddr_to_double_up.txt">
      <Filter>리소스 파일</Filter>
    </Text>
    <Text Include="how_bitmaps_save.txt">
      <Filter>리소스 파일</Filter>
    </Text>
    <Text Include="how_cpu_add.txt">
      <Filter>리소스 파일</Filter>
    </Text>
    <Text Include="how_cpu_moves_data.txt">
      <Filter>리소스 파일</Filter>
    </Text>
    <Text Include="how_cpu_works.txt">
      <Filter>리소스 파일</Filter>
    </Text>
    <Text Include="how_file_compression_works.txt">
      <Filter>리소스 파일</Filter>
    </Text>
    <Text Include="how_flash_works.txt">
      <Filter>리소스 파일</Filter>
    </Text>
    <Text Include="how_hdd_works.txt">
      <Filter>리소스 파일</Filter>
    </Text>
    <Text Include="how_key_press_works.txt">
      <Filter>리소스 파일</Filter>
    </Text>
    <Text Include="transistor.txt">
      <Filter>리소스 파일</Filter>
    </Text>
    <Text Include="writing_to_ram.txt">
      <Filter>리소스 파일</Filter>
    </Text>
    <Text Include="linuxSystem.txt">
      <Filter>리소스 파일</Filter>
    </Text>
    <Text Include="algorithm.txt">
      <Filter>리소스 파일</Filter>
    </Text>
  </ItemGroup>
</Project>